// !$*UTF8*$!
{
	archiveVersion = 1;
	classes = {
	};
	objectVersion = 50;
	objects = {

/* Begin PBXBuildFile section */
		E3170A7E2575C99600213796 /* AppDelegate.swift in Sources */ = {isa = PBXBuildFile; fileRef = E3170A7D2575C99600213796 /* AppDelegate.swift */; };
		E3170A802575C99600213796 /* SceneDelegate.swift in Sources */ = {isa = PBXBuildFile; fileRef = E3170A7F2575C99600213796 /* SceneDelegate.swift */; };
		E3170A822575C99600213796 /* ViewController.swift in Sources */ = {isa = PBXBuildFile; fileRef = E3170A812575C99600213796 /* ViewController.swift */; };
		E3170A852575C99600213796 /* Main.storyboard in Resources */ = {isa = PBXBuildFile; fileRef = E3170A832575C99600213796 /* Main.storyboard */; };
		E3170A872575C99700213796 /* Assets.xcassets in Resources */ = {isa = PBXBuildFile; fileRef = E3170A862575C99700213796 /* Assets.xcassets */; };
		E3170A8A2575C99700213796 /* LaunchScreen.storyboard in Resources */ = {isa = PBXBuildFile; fileRef = E3170A882575C99700213796 /* LaunchScreen.storyboard */; };
		E3170A952575C99700213796 /* Carender_testTests.swift in Sources */ = {isa = PBXBuildFile; fileRef = E3170A942575C99700213796 /* Carender_testTests.swift */; };
		E3170AA02575C99700213796 /* Carender_testUITests.swift in Sources */ = {isa = PBXBuildFile; fileRef = E3170A9F2575C99700213796 /* Carender_testUITests.swift */; };
/* End PBXBuildFile section */

/* Begin PBXContainerItemProxy section */
		E3170A912575C99700213796 /* PBXContainerItemProxy */ = {
			isa = PBXContainerItemProxy;
			containerPortal = E3170A722575C99600213796 /* Project object */;
			proxyType = 1;
			remoteGlobalIDString = E3170A792575C99600213796;
			remoteInfo = Carender_test;
		};
		E3170A9C2575C99700213796 /* PBXContainerItemProxy */ = {
			isa = PBXContainerItemProxy;
			containerPortal = E3170A722575C99600213796 /* Project object */;
			proxyType = 1;
			remoteGlobalIDString = E3170A792575C99600213796;
			remoteInfo = Carender_test;
		};
/* End PBXContainerItemProxy section */

/* Begin PBXFileReference section */
		E3170A7A2575C99600213796 /* Carender_test.app */ = {isa = PBXFileReference; explicitFileType = wrapper.application; includeInIndex = 0; path = Carender_test.app; sourceTree = BUILT_PRODUCTS_DIR; };
		E3170A7D2575C99600213796 /* AppDelegate.swift */ = {isa = PBXFileReference; lastKnownFileType = sourcecode.swift; path = AppDelegate.swift; sourceTree = "<group>"; };
		E3170A7F2575C99600213796 /* SceneDelegate.swift */ = {isa = PBXFileReference; lastKnownFileType = sourcecode.swift; path = SceneDelegate.swift; sourceTree = "<group>"; };
		E3170A812575C99600213796 /* ViewController.swift */ = {isa = PBXFileReference; lastKnownFileType = sourcecode.swift; path = ViewController.swift; sourceTree = "<group>"; };
		E3170A842575C99600213796 /* Base */ = {isa = PBXFileReference; lastKnownFileType = file.storyboard; name = Base; path = Base.lproj/Main.storyboard; sourceTree = "<group>"; };
		E3170A862575C99700213796 /* Assets.xcassets */ = {isa = PBXFileReference; lastKnownFileType = folder.assetcatalog; path = Assets.xcassets; sourceTree = "<group>"; };
		E3170A892575C99700213796 /* Base */ = {isa = PBXFileReference; lastKnownFileType = file.storyboard; name = Base; path = Base.lproj/LaunchScreen.storyboard; sourceTree = "<group>"; };
		E3170A8B2575C99700213796 /* Info.plist */ = {isa = PBXFileReference; lastKnownFileType = text.plist.xml; path = Info.plist; sourceTree = "<group>"; };
		E3170A902575C99700213796 /* Carender_testTests.xctest */ = {isa = PBXFileReference; explicitFileType = wrapper.cfbundle; includeInIndex = 0; path = Carender_testTests.xctest; sourceTree = BUILT_PRODUCTS_DIR; };
		E3170A942575C99700213796 /* Carender_testTests.swift */ = {isa = PBXFileReference; lastKnownFileType = sourcecode.swift; path = Carender_testTests.swift; sourceTree = "<group>"; };
		E3170A962575C99700213796 /* Info.plist */ = {isa = PBXFileReference; lastKnownFileType = text.plist.xml; path = Info.plist; sourceTree = "<group>"; };
		E3170A9B2575C99700213796 /* Carender_testUITests.xctest */ = {isa = PBXFileReference; explicitFileType = wrapper.cfbundle; includeInIndex = 0; path = Carender_testUITests.xctest; sourceTree = BUILT_PRODUCTS_DIR; };
		E3170A9F2575C99700213796 /* Carender_testUITests.swift */ = {isa = PBXFileReference; lastKnownFileType = sourcecode.swift; path = Carender_testUITests.swift; sourceTree = "<group>"; };
		E3170AA12575C99700213796 /* Info.plist */ = {isa = PBXFileReference; lastKnownFileType = text.plist.xml; path = Info.plist; sourceTree = "<group>"; };
/* End PBXFileReference section */

/* Begin PBXFrameworksBuildPhase section */
		E3170A772575C99600213796 /* Frameworks */ = {
			isa = PBXFrameworksBuildPhase;
			buildActionMask = 2147483647;
			files = (
			);
			runOnlyForDeploymentPostprocessing = 0;
		};
		E3170A8D2575C99700213796 /* Frameworks */ = {
			isa = PBXFrameworksBuildPhase;
			buildActionMask = 2147483647;
			files = (
			);
			runOnlyForDeploymentPostprocessing = 0;
		};
		E3170A982575C99700213796 /* Frameworks */ = {
			isa = PBXFrameworksBuildPhase;
			buildActionMask = 2147483647;
			files = (
			);
			runOnlyForDeploymentPostprocessing = 0;
		};
/* End PBXFrameworksBuildPhase section */

/* Begin PBXGroup section */
		E3170A712575C99600213796 = {
			isa = PBXGroup;
			children = (
				E3170A7C2575C99600213796 /* Carender_test */,
				E3170A932575C99700213796 /* Carender_testTests */,
				E3170A9E2575C99700213796 /* Carender_testUITests */,
				E3170A7B2575C99600213796 /* Products */,
			);
			sourceTree = "<group>";
		};
		E3170A7B2575C99600213796 /* Products */ = {
			isa = PBXGroup;
			children = (
				E3170A7A2575C99600213796 /* Carender_test.app */,
				E3170A902575C99700213796 /* Carender_testTests.xctest */,
				E3170A9B2575C99700213796 /* Carender_testUITests.xctest */,
			);
			name = Products;
			sourceTree = "<group>";
		};
		E3170A7C2575C99600213796 /* Carender_test */ = {
			isa = PBXGroup;
			children = (
				E3170A7D2575C99600213796 /* AppDelegate.swift */,
				E3170A7F2575C99600213796 /* SceneDelegate.swift */,
				E3170A812575C99600213796 /* ViewController.swift */,
				E3170A832575C99600213796 /* Main.storyboard */,
				E3170A862575C99700213796 /* Assets.xcassets */,
				E3170A882575C99700213796 /* LaunchScreen.storyboard */,
				E3170A8B2575C99700213796 /* Info.plist */,
			);
			path = Carender_test;
			sourceTree = "<group>";
		};
		E3170A932575C99700213796 /* Carender_testTests */ = {
			isa = PBXGroup;
			children = (
				E3170A942575C99700213796 /* Carender_testTests.swift */,
				E3170A962575C99700213796 /* Info.plist */,
			);
			path = Carender_testTests;
			sourceTree = "<group>";
		};
		E3170A9E2575C99700213796 /* Carender_testUITests */ = {
			isa = PBXGroup;
			children = (
				E3170A9F2575C99700213796 /* Carender_testUITests.swift */,
				E3170AA12575C99700213796 /* Info.plist */,
			);
			path = Carender_testUITests;
			sourceTree = "<group>";
		};
/* End PBXGroup section */

/* Begin PBXNativeTarget section */
		E3170A792575C99600213796 /* Carender_test */ = {
			isa = PBXNativeTarget;
			buildConfigurationList = E3170AA42575C99700213796 /* Build configuration list for PBXNativeTarget "Carender_test" */;
			buildPhases = (
				E3170A762575C99600213796 /* Sources */,
				E3170A772575C99600213796 /* Frameworks */,
				E3170A782575C99600213796 /* Resources */,
			);
			buildRules = (
			);
			dependencies = (
			);
			name = Carender_test;
			productName = Carender_test;
			productReference = E3170A7A2575C99600213796 /* Carender_test.app */;
			productType = "com.apple.product-type.application";
		};
		E3170A8F2575C99700213796 /* Carender_testTests */ = {
			isa = PBXNativeTarget;
			buildConfigurationList = E3170AA72575C99700213796 /* Build configuration list for PBXNativeTarget "Carender_testTests" */;
			buildPhases = (
				E3170A8C2575C99700213796 /* Sources */,
				E3170A8D2575C99700213796 /* Frameworks */,
				E3170A8E2575C99700213796 /* Resources */,
			);
			buildRules = (
			);
			dependencies = (
				E3170A922575C99700213796 /* PBXTargetDependency */,
			);
			name = Carender_testTests;
			productName = Carender_testTests;
			productReference = E3170A902575C99700213796 /* Carender_testTests.xctest */;
			productType = "com.apple.product-type.bundle.unit-test";
		};
		E3170A9A2575C99700213796 /* Carender_testUITests */ = {
			isa = PBXNativeTarget;
			buildConfigurationList = E3170AAA2575C99700213796 /* Build configuration list for PBXNativeTarget "Carender_testUITests" */;
			buildPhases = (
				E3170A972575C99700213796 /* Sources */,
				E3170A982575C99700213796 /* Frameworks */,
				E3170A992575C99700213796 /* Resources */,
			);
			buildRules = (
			);
			dependencies = (
				E3170A9D2575C99700213796 /* PBXTargetDependency */,
			);
			name = Carender_testUITests;
			productName = Carender_testUITests;
			productReference = E3170A9B2575C99700213796 /* Carender_testUITests.xctest */;
			productType = "com.apple.product-type.bundle.ui-testing";
		};
/* End PBXNativeTarget section */

/* Begin PBXProject section */
		E3170A722575C99600213796 /* Project object */ = {
			isa = PBXProject;
			attributes = {
				LastSwiftUpdateCheck = 1220;
				LastUpgradeCheck = 1220;
				TargetAttributes = {
					E3170A792575C99600213796 = {
						CreatedOnToolsVersion = 12.2;
					};
					E3170A8F2575C99700213796 = {
						CreatedOnToolsVersion = 12.2;
						TestTargetID = E3170A792575C99600213796;
					};
					E3170A9A2575C99700213796 = {
						CreatedOnToolsVersion = 12.2;
						TestTargetID = E3170A792575C99600213796;
					};
				};
			};
			buildConfigurationList = E3170A752575C99600213796 /* Build configuration list for PBXProject "Carender_test" */;
			compatibilityVersion = "Xcode 9.3";
			developmentRegion = en;
			hasScannedForEncodings = 0;
			knownRegions = (
				en,
				Base,
			);
			mainGroup = E3170A712575C99600213796;
			productRefGroup = E3170A7B2575C99600213796 /* Products */;
			projectDirPath = "";
			projectRoot = "";
			targets = (
				E3170A792575C99600213796 /* Carender_test */,
				E3170A8F2575C99700213796 /* Carender_testTests */,
				E3170A9A2575C99700213796 /* Carender_testUITests */,
			);
		};
/* End PBXProject section */

/* Begin PBXResourcesBuildPhase section */
		E3170A782575C99600213796 /* Resources */ = {
			isa = PBXResourcesBuildPhase;
			buildActionMask = 2147483647;
			files = (
				E3170A8A2575C99700213796 /* LaunchScreen.storyboard in Resources */,
				E3170A872575C99700213796 /* Assets.xcassets in Resources */,
				E3170A852575C99600213796 /* Main.storyboard in Resources */,
			);
			runOnlyForDeploymentPostprocessing = 0;
		};
		E3170A8E2575C99700213796 /* Resources */ = {
			isa = PBXResourcesBuildPhase;
			buildActionMask = 2147483647;
			files = (
			);
			runOnlyForDeploymentPostprocessing = 0;
		};
		E3170A992575C99700213796 /* Resources */ = {
			isa = PBXResourcesBuildPhase;
			buildActionMask = 2147483647;
			files = (
			);
			runOnlyForDeploymentPostprocessing = 0;
		};
/* End PBXResourcesBuildPhase section */

/* Begin PBXSourcesBuildPhase section */
		E3170A762575C99600213796 /* Sources */ = {
			isa = PBXSourcesBuildPhase;
			buildActionMask = 2147483647;
			files = (
				E3170A822575C99600213796 /* ViewController.swift in Sources */,
				E3170A7E2575C99600213796 /* AppDelegate.swift in Sources */,
				E3170A802575C99600213796 /* SceneDelegate.swift in Sources */,
			);
			runOnlyForDeploymentPostprocessing = 0;
		};
		E3170A8C2575C99700213796 /* Sources */ = {
			isa = PBXSourcesBuildPhase;
			buildActionMask = 2147483647;
			files = (
				E3170A952575C99700213796 /* Carender_testTests.swift in Sources */,
			);
			runOnlyForDeploymentPostprocessing = 0;
		};
		E3170A972575C99700213796 /* Sources */ = {
			isa = PBXSourcesBuildPhase;
			buildActionMask = 2147483647;
			files = (
				E3170AA02575C99700213796 /* Carender_testUITests.swift in Sources */,
			);
			runOnlyForDeploymentPostprocessing = 0;
		};
/* End PBXSourcesBuildPhase section */

/* Begin PBXTargetDependency section */
		E3170A922575C99700213796 /* PBXTargetDependency */ = {
			isa = PBXTargetDependency;
			target = E3170A792575C99600213796 /* Carender_test */;
			targetProxy = E3170A912575C99700213796 /* PBXContainerItemProxy */;
		};
		E3170A9D2575C99700213796 /* PBXTargetDependency */ = {
			isa = PBXTargetDependency;
			target = E3170A792575C99600213796 /* Carender_test */;
			targetProxy = E3170A9C2575C99700213796 /* PBXContainerItemProxy */;
		};
/* End PBXTargetDependency section */

/* Begin PBXVariantGroup section */
		E3170A832575C99600213796 /* Main.storyboard */ = {
			isa = PBXVariantGroup;
			children = (
				E3170A842575C99600213796 /* Base */,
			);
			name = Main.storyboard;
			sourceTree = "<group>";
		};
		E3170A882575C99700213796 /* LaunchScreen.storyboard */ = {
			isa = PBXVariantGroup;
			children = (
				E3170A892575C99700213796 /* Base */,
			);
			name = LaunchScreen.storyboard;
			sourceTree = "<group>";
		};
/* End PBXVariantGroup section */

/* Begin XCBuildConfiguration section */
		E3170AA22575C99700213796 /* Debug */ = {
			isa = XCBuildConfiguration;
			buildSettings = {
				ALWAYS_SEARCH_USER_PATHS = NO;
				CLANG_ANALYZER_NONNULL = YES;
				CLANG_ANALYZER_NUMBER_OBJECT_CONVERSION = YES_AGGRESSIVE;
				CLANG_CXX_LANGUAGE_STANDARD = "gnu++14";
				CLANG_CXX_LIBRARY = "libc++";
				CLANG_ENABLE_MODULES = YES;
				CLANG_ENABLE_OBJC_ARC = YES;
				CLANG_ENABLE_OBJC_WEAK = YES;
				CLANG_WARN_BLOCK_CAPTURE_AUTORELEASING = YES;
				CLANG_WARN_BOOL_CONVERSION = YES;
				CLANG_WARN_COMMA = YES;
				CLANG_WARN_CONSTANT_CONVERSION = YES;
				CLANG_WARN_DEPRECATED_OBJC_IMPLEMENTATIONS = YES;
				CLANG_WARN_DIRECT_OBJC_ISA_USAGE = YES_ERROR;
				CLANG_WARN_DOCUMENTATION_COMMENTS = YES;
				CLANG_WARN_EMPTY_BODY = YES;
				CLANG_WARN_ENUM_CONVERSION = YES;
				CLANG_WARN_INFINITE_RECURSION = YES;
				CLANG_WARN_INT_CONVERSION = YES;
				CLANG_WARN_NON_LITERAL_NULL_CONVERSION = YES;
				CLANG_WARN_OBJC_IMPLICIT_RETAIN_SELF = YES;
				CLANG_WARN_OBJC_LITERAL_CONVERSION = YES;
				CLANG_WARN_OBJC_ROOT_CLASS = YES_ERROR;
				CLANG_WARN_QUOTED_INCLUDE_IN_FRAMEWORK_HEADER = YES;
				CLANG_WARN_RANGE_LOOP_ANALYSIS = YES;
				CLANG_WARN_STRICT_PROTOTYPES = YES;
				CLANG_WARN_SUSPICIOUS_MOVE = YES;
				CLANG_WARN_UNGUARDED_AVAILABILITY = YES_AGGRESSIVE;
				CLANG_WARN_UNREACHABLE_CODE = YES;
				CLANG_WARN__DUPLICATE_METHOD_MATCH = YES;
				COPY_PHASE_STRIP = NO;
				DEBUG_INFORMATION_FORMAT = dwarf;
				ENABLE_STRICT_OBJC_MSGSEND = YES;
				ENABLE_TESTABILITY = YES;
				GCC_C_LANGUAGE_STANDARD = gnu11;
				GCC_DYNAMIC_NO_PIC = NO;
				GCC_NO_COMMON_BLOCKS = YES;
				GCC_OPTIMIZATION_LEVEL = 0;
				GCC_PREPROCESSOR_DEFINITIONS = (
					"DEBUG=1",
					"$(inherited)",
				);
				GCC_WARN_64_TO_32_BIT_CONVERSION = YES;
				GCC_WARN_ABOUT_RETURN_TYPE = YES_ERROR;
				GCC_WARN_UNDECLARED_SELECTOR = YES;
				GCC_WARN_UNINITIALIZED_AUTOS = YES_AGGRESSIVE;
				GCC_WARN_UNUSED_FUNCTION = YES;
				GCC_WARN_UNUSED_VARIABLE = YES;
				IPHONEOS_DEPLOYMENT_TARGET = 14.2;
				MTL_ENABLE_DEBUG_INFO = INCLUDE_SOURCE;
				MTL_FAST_MATH = YES;
				ONLY_ACTIVE_ARCH = YES;
				SDKROOT = iphoneos;
				SWIFT_ACTIVE_COMPILATION_CONDITIONS = DEBUG;
				SWIFT_OPTIMIZATION_LEVEL = "-Onone";
			};
			name = Debug;
		};
		E3170AA32575C99700213796 /* Release */ = {
			isa = XCBuildConfiguration;
			buildSettings = {
				ALWAYS_SEARCH_USER_PATHS = NO;
				CLANG_ANALYZER_NONNULL = YES;
				CLANG_ANALYZER_NUMBER_OBJECT_CONVERSION = YES_AGGRESSIVE;
				CLANG_CXX_LANGUAGE_STANDARD = "gnu++14";
				CLANG_CXX_LIBRARY = "libc++";
				CLANG_ENABLE_MODULES = YES;
				CLANG_ENABLE_OBJC_ARC = YES;
				CLANG_ENABLE_OBJC_WEAK = YES;
				CLANG_WARN_BLOCK_CAPTURE_AUTORELEASING = YES;
				CLANG_WARN_BOOL_CONVERSION = YES;
				CLANG_WARN_COMMA = YES;
				CLANG_WARN_CONSTANT_CONVERSION = YES;
				CLANG_WARN_DEPRECATED_OBJC_IMPLEMENTATIONS = YES;
				CLANG_WARN_DIRECT_OBJC_ISA_USAGE = YES_ERROR;
				CLANG_WARN_DOCUMENTATION_COMMENTS = YES;
				CLANG_WARN_EMPTY_BODY = YES;
				CLANG_WARN_ENUM_CONVERSION = YES;
				CLANG_WARN_INFINITE_RECURSION = YES;
				CLANG_WARN_INT_CONVERSION = YES;
				CLANG_WARN_NON_LITERAL_NULL_CONVERSION = YES;
				CLANG_WARN_OBJC_IMPLICIT_RETAIN_SELF = YES;
				CLANG_WARN_OBJC_LITERAL_CONVERSION = YES;
				CLANG_WARN_OBJC_ROOT_CLASS = YES_ERROR;
				CLANG_WARN_QUOTED_INCLUDE_IN_FRAMEWORK_HEADER = YES;
				CLANG_WARN_RANGE_LOOP_ANALYSIS = YES;
				CLANG_WARN_STRICT_PROTOTYPES = YES;
				CLANG_WARN_SUSPICIOUS_MOVE = YES;
				CLANG_WARN_UNGUARDED_AVAILABILITY = YES_AGGRESSIVE;
				CLANG_WARN_UNREACHABLE_CODE = YES;
				CLANG_WARN__DUPLICATE_METHOD_MATCH = YES;
				COPY_PHASE_STRIP = NO;
				DEBUG_INFORMATION_FORMAT = "dwarf-with-dsym";
				ENABLE_NS_ASSERTIONS = NO;
				ENABLE_STRICT_OBJC_MSGSEND = YES;
				GCC_C_LANGUAGE_STANDARD = gnu11;
				GCC_NO_COMMON_BLOCKS = YES;
				GCC_WARN_64_TO_32_BIT_CONVERSION = YES;
				GCC_WARN_ABOUT_RETURN_TYPE = YES_ERROR;
				GCC_WARN_UNDECLARED_SELECTOR = YES;
				GCC_WARN_UNINITIALIZED_AUTOS = YES_AGGRESSIVE;
				GCC_WARN_UNUSED_FUNCTION = YES;
				GCC_WARN_UNUSED_VARIABLE = YES;
				IPHONEOS_DEPLOYMENT_TARGET = 14.2;
				MTL_ENABLE_DEBUG_INFO = NO;
				MTL_FAST_MATH = YES;
				SDKROOT = iphoneos;
				SWIFT_COMPILATION_MODE = wholemodule;
				SWIFT_OPTIMIZATION_LEVEL = "-O";
				VALIDATE_PRODUCT = YES;
			};
			name = Release;
		};
		E3170AA52575C99700213796 /* Debug */ = {
			isa = XCBuildConfiguration;
			buildSettings = {
				ASSETCATALOG_COMPILER_APPICON_NAME = AppIcon;
				ASSETCATALOG_COMPILER_GLOBAL_ACCENT_COLOR_NAME = AccentColor;
				CODE_SIGN_STYLE = Automatic;
				DEVELOPMENT_TEAM = JX5RX94DFB;
				INFOPLIST_FILE = Carender_test/Info.plist;
				LD_RUNPATH_SEARCH_PATHS = (
					"$(inherited)",
					"@executable_path/Frameworks",
				);
				PRODUCT_BUNDLE_IDENTIFIER = "jp.ac.jec.19cm0148.Carender-test";
				PRODUCT_NAME = "$(TARGET_NAME)";
				SWIFT_VERSION = 5.0;
				TARGETED_DEVICE_FAMILY = "1,2";
			};
			name = Debug;
		};
		E3170AA62575C99700213796 /* Release */ = {
			isa = XCBuildConfiguration;
			buildSettings = {
				ASSETCATALOG_COMPILER_APPICON_NAME = AppIcon;
				ASSETCATALOG_COMPILER_GLOBAL_ACCENT_COLOR_NAME = AccentColor;
				CODE_SIGN_STYLE = Automatic;
				DEVELOPMENT_TEAM = JX5RX94DFB;
				INFOPLIST_FILE = Carender_test/Info.plist;
				LD_RUNPATH_SEARCH_PATHS = (
					"$(inherited)",
					"@executable_path/Frameworks",
				);
				PRODUCT_BUNDLE_IDENTIFIER = "jp.ac.jec.19cm0148.Carender-test";
				PRODUCT_NAME = "$(TARGET_NAME)";
				SWIFT_VERSION = 5.0;
				TARGETED_DEVICE_FAMILY = "1,2";
			};
			name = Release;
		};
		E3170AA82575C99700213796 /* Debug */ = {
			isa = XCBuildConfiguration;
			buildSettings = {
				ALWAYS_EMBED_SWIFT_STANDARD_LIBRARIES = YES;
				BUNDLE_LOADER = "$(TEST_HOST)";
				CODE_SIGN_STYLE = Automatic;
				DEVELOPMENT_TEAM = JX5RX94DFB;
				INFOPLIST_FILE = Carender_testTests/Info.plist;
				IPHONEOS_DEPLOYMENT_TARGET = 14.2;
				LD_RUNPATH_SEARCH_PATHS = (
					"$(inherited)",
					"@executable_path/Frameworks",
					"@loader_path/Frameworks",
				);
				PRODUCT_BUNDLE_IDENTIFIER = "jp.ac.jec.19cm0148.Carender-testTests";
				PRODUCT_NAME = "$(TARGET_NAME)";
				SWIFT_VERSION = 5.0;
				TARGETED_DEVICE_FAMILY = "1,2";
				TEST_HOST = "$(BUILT_PRODUCTS_DIR)/Carender_test.app/Carender_test";
			};
			name = Debug;
		};
		E3170AA92575C99700213796 /* Release */ = {
			isa = XCBuildConfiguration;
			buildSettings = {
				ALWAYS_EMBED_SWIFT_STANDARD_LIBRARIES = YES;
				BUNDLE_LOADER = "$(TEST_HOST)";
				CODE_SIGN_STYLE = Automatic;
				DEVELOPMENT_TEAM = JX5RX94DFB;
				INFOPLIST_FILE = Carender_testTests/Info.plist;
				IPHONEOS_DEPLOYMENT_TARGET = 14.2;
				LD_RUNPATH_SEARCH_PATHS = (
					"$(inherited)",
					"@executable_path/Frameworks",
					"@loader_path/Frameworks",
				);
				PRODUCT_BUNDLE_IDENTIFIER = "jp.ac.jec.19cm0148.Carender-testTests";
				PRODUCT_NAME = "$(TARGET_NAME)";
				SWIFT_VERSION = 5.0;
				TARGETED_DEVICE_FAMILY = "1,2";
				TEST_HOST = "$(BUILT_PRODUCTS_DIR)/Carender_test.app/Carender_test";
			};
			name = Release;
		};
		E3170AAB2575C99700213796 /* Debug */ = {
			isa = XCBuildConfiguration;
			buildSettings = {
				ALWAYS_EMBED_SWIFT_STANDARD_LIBRARIES = YES;
				CODE_SIGN_STYLE = Automatic;
				DEVELOPMENT_TEAM = JX5RX94DFB;
				INFOPLIST_FILE = Carender_testUITests/Info.plist;
				LD_RUNPATH_SEARCH_PATHS = (
					"$(inherited)",
					"@executable_path/Frameworks",
					"@loader_path/Frameworks",
				);
				PRODUCT_BUNDLE_IDENTIFIER = "jp.ac.jec.19cm0148.Carender-testUITests";
				PRODUCT_NAME = "$(TARGET_NAME)";
				SWIFT_VERSION = 5.0;
				TARGETED_DEVICE_FAMILY = "1,2";
				TEST_TARGET_NAME = Carender_test;
			};
			name = Debug;
		};
		E3170AAC2575C99700213796 /* Release */ = {
			isa = XCBuildConfiguration;
			buildSettings = {
				ALWAYS_EMBED_SWIFT_STANDARD_LIBRARIES = YES;
				CODE_SIGN_STYLE = Automatic;
				DEVELOPMENT_TEAM = JX5RX94DFB;
				INFOPLIST_FILE = Carender_testUITests/Info.plist;
				LD_RUNPATH_SEARCH_PATHS = (
					"$(inherited)",
					"@executable_path/Frameworks",
					"@loader_path/Frameworks",
				);
				PRODUCT_BUNDLE_IDENTIFIER = "jp.ac.jec.19cm0148.Carender-testUITests";
				PRODUCT_NAME = "$(TARGET_NAME)";
				SWIFT_VERSION = 5.0;
				TARGETED_DEVICE_FAMILY = "1,2";
				TEST_TARGET_NAME = Carender_test;
			};
			name = Release;
		};
/* End XCBuildConfiguration section */

/* Begin XCConfigurationList section */
		E3170A752575C99600213796 /* Build configuration list for PBXProject "Carender_test" */ = {
			isa = XCConfigurationList;
			buildConfigurations = (
				E3170AA22575C99700213796 /* Debug */,
				E3170AA32575C99700213796 /* Release */,
			);
			defaultConfigurationIsVisible = 0;
			defaultConfigurationName = Release;
		};
		E3170AA42575C99700213796 /* Build configuration list for PBXNativeTarget "Carender_test" */ = {
			isa = XCConfigurationList;
			buildConfigurations = (
				E3170AA52575C99700213796 /* Debug */,
				E3170AA62575C99700213796 /* Release */,
			);
			defaultConfigurationIsVisible = 0;
			defaultConfigurationName = Release;
		};
		E3170AA72575C99700213796 /* Build configuration list for PBXNativeTarget "Carender_testTests" */ = {
			isa = XCConfigurationList;
			buildConfigurations = (
				E3170AA82575C99700213796 /* Debug */,
				E3170AA92575C99700213796 /* Release */,
			);
			defaultConfigurationIsVisible = 0;
			defaultConfigurationName = Release;
		};
		E3170AAA2575C99700213796 /* Build configuration list for PBXNativeTarget "Carender_testUITests" */ = {
			isa = XCConfigurationList;
			buildConfigurations = (
				E3170AAB2575C99700213796 /* Debug */,
				E3170AAC2575C99700213796 /* Release */,
			);
			defaultConfigurationIsVisible = 0;
			defaultConfigurationName = Release;
		};
/* End XCConfigurationList section */
	};
	rootObject = E3170A722575C99600213796 /* Project object */;
}
